// !$*UTF8*$!
{
	archiveVersion = 1;
	classes = {
	};
	objectVersion = 46;
	objects = {

/* Begin PBXBuildFile section */
		523874A81CF49925007FCB1A /* AppDelegate.swift in Sources */ = {isa = PBXBuildFile; fileRef = 523874A71CF49925007FCB1A /* AppDelegate.swift */; };
		523874AA1CF49925007FCB1A /* ViewController.swift in Sources */ = {isa = PBXBuildFile; fileRef = 523874A91CF49925007FCB1A /* ViewController.swift */; };
		523874AD1CF49925007FCB1A /* Main.storyboard in Resources */ = {isa = PBXBuildFile; fileRef = 523874AB1CF49925007FCB1A /* Main.storyboard */; };
		523874B01CF49925007FCB1A /* SoftomateTestTask.xcdatamodeld in Sources */ = {isa = PBXBuildFile; fileRef = 523874AE1CF49925007FCB1A /* SoftomateTestTask.xcdatamodeld */; };
		523874B21CF49925007FCB1A /* Assets.xcassets in Resources */ = {isa = PBXBuildFile; fileRef = 523874B11CF49925007FCB1A /* Assets.xcassets */; };
		523874B51CF49925007FCB1A /* LaunchScreen.storyboard in Resources */ = {isa = PBXBuildFile; fileRef = 523874B31CF49925007FCB1A /* LaunchScreen.storyboard */; };
/* End PBXBuildFile section */

/* Begin PBXFileReference section */
		523874A41CF49925007FCB1A /* SoftomateTestTask.app */ = {isa = PBXFileReference; explicitFileType = wrapper.application; includeInIndex = 0; path = SoftomateTestTask.app; sourceTree = BUILT_PRODUCTS_DIR; };
		523874A71CF49925007FCB1A /* AppDelegate.swift */ = {isa = PBXFileReference; lastKnownFileType = sourcecode.swift; path = AppDelegate.swift; sourceTree = "<group>"; };
		523874A91CF49925007FCB1A /* ViewController.swift */ = {isa = PBXFileReference; lastKnownFileType = sourcecode.swift; path = ViewController.swift; sourceTree = "<group>"; };
		523874AC1CF49925007FCB1A /* Base */ = {isa = PBXFileReference; lastKnownFileType = file.storyboard; name = Base; path = Base.lproj/Main.storyboard; sourceTree = "<group>"; };
		523874AF1CF49925007FCB1A /* SoftomateTestTask.xcdatamodel */ = {isa = PBXFileReference; lastKnownFileType = wrapper.xcdatamodel; path = SoftomateTestTask.xcdatamodel; sourceTree = "<group>"; };
		523874B11CF49925007FCB1A /* Assets.xcassets */ = {isa = PBXFileReference; lastKnownFileType = folder.assetcatalog; path = Assets.xcassets; sourceTree = "<group>"; };
		523874B41CF49925007FCB1A /* Base */ = {isa = PBXFileReference; lastKnownFileType = file.storyboard; name = Base; path = Base.lproj/LaunchScreen.storyboard; sourceTree = "<group>"; };
		523874B61CF49925007FCB1A /* Info.plist */ = {isa = PBXFileReference; lastKnownFileType = text.plist.xml; path = Info.plist; sourceTree = "<group>"; };
/* End PBXFileReference section */

/* Begin PBXFrameworksBuildPhase section */
		523874A11CF49925007FCB1A /* Frameworks */ = {
			isa = PBXFrameworksBuildPhase;
			buildActionMask = 2147483647;
			files = (
			);
			runOnlyForDeploymentPostprocessing = 0;
		};
/* End PBXFrameworksBuildPhase section */

/* Begin PBXGroup section */
		5238749B1CF49925007FCB1A = {
			isa = PBXGroup;
			children = (
				523874A61CF49925007FCB1A /* SoftomateTestTask */,
				523874A51CF49925007FCB1A /* Products */,
			);
			sourceTree = "<group>";
		};
		523874A51CF49925007FCB1A /* Products */ = {
			isa = PBXGroup;
			children = (
				523874A41CF49925007FCB1A /* SoftomateTestTask.app */,
			);
			name = Products;
			sourceTree = "<group>";
		};
		523874A61CF49925007FCB1A /* SoftomateTestTask */ = {
			isa = PBXGroup;
			children = (
				523874A71CF49925007FCB1A /* AppDelegate.swift */,
				523874A91CF49925007FCB1A /* ViewController.swift */,
				523874AB1CF49925007FCB1A /* Main.storyboard */,
				523874B11CF49925007FCB1A /* Assets.xcassets */,
				523874B31CF49925007FCB1A /* LaunchScreen.storyboard */,
				523874B61CF49925007FCB1A /* Info.plist */,
				523874AE1CF49925007FCB1A /* SoftomateTestTask.xcdatamodeld */,
			);
			path = SoftomateTestTask;
			sourceTree = "<group>";
		};
/* End PBXGroup section */

/* Begin PBXNativeTarget section */
		523874A31CF49925007FCB1A /* SoftomateTestTask */ = {
			isa = PBXNativeTarget;
			buildConfigurationList = 523874B91CF49925007FCB1A /* Build configuration list for PBXNativeTarget "SoftomateTestTask" */;
			buildPhases = (
				523874A01CF49925007FCB1A /* Sources */,
				523874A11CF49925007FCB1A /* Frameworks */,
				523874A21CF49925007FCB1A /* Resources */,
			);
			buildRules = (
			);
			dependencies = (
			);
			name = SoftomateTestTask;
			productName = SoftomateTestTask;
			productReference = 523874A41CF49925007FCB1A /* SoftomateTestTask.app */;
			productType = "com.apple.product-type.application";
		};
/* End PBXNativeTarget section */

/* Begin PBXProject section */
		5238749C1CF49925007FCB1A /* Project object */ = {
			isa = PBXProject;
			attributes = {
				LastSwiftUpdateCheck = 0730;
				LastUpgradeCheck = 0730;
				ORGANIZATIONNAME = "Mikhail Zhadko";
				TargetAttributes = {
					523874A31CF49925007FCB1A = {
						CreatedOnToolsVersion = 7.3.1;
					};
				};
			};
			buildConfigurationList = 5238749F1CF49925007FCB1A /* Build configuration list for PBXProject "SoftomateTestTask" */;
			compatibilityVersion = "Xcode 3.2";
			developmentRegion = English;
			hasScannedForEncodings = 0;
			knownRegions = (
				en,
				Base,
			);
			mainGroup = 5238749B1CF49925007FCB1A;
			productRefGroup = 523874A51CF49925007FCB1A /* Products */;
			projectDirPath = "";
			projectRoot = "";
			targets = (
				523874A31CF49925007FCB1A /* SoftomateTestTask */,
			);
		};
/* End PBXProject section */

/* Begin PBXResourcesBuildPhase section */
		523874A21CF49925007FCB1A /* Resources */ = {
			isa = PBXResourcesBuildPhase;
			buildActionMask = 2147483647;
			files = (
				523874B51CF49925007FCB1A /* LaunchScreen.storyboard in Resources */,
				523874B21CF49925007FCB1A /* Assets.xcassets in Resources */,
				523874AD1CF49925007FCB1A /* Main.storyboard in Resources */,
			);
			runOnlyForDeploymentPostprocessing = 0;
		};
/* End PBXResourcesBuildPhase section */

/* Begin PBXSourcesBuildPhase section */
		523874A01CF49925007FCB1A /* Sources */ = {
			isa = PBXSourcesBuildPhase;
			buildActionMask = 2147483647;
			files = (
				523874AA1CF49925007FCB1A /* ViewController.swift in Sources */,
				523874A81CF49925007FCB1A /* AppDelegate.swift in Sources */,
				523874B01CF49925007FCB1A /* SoftomateTestTask.xcdatamodeld in Sources */,
			);
			runOnlyForDeploymentPostprocessing = 0;
		};
/* End PBXSourcesBuildPhase section */

/* Begin PBXVariantGroup section */
		523874AB1CF49925007FCB1A /* Main.storyboard */ = {
			isa = PBXVariantGroup;
			children = (
				523874AC1CF49925007FCB1A /* Base */,
			);
			name = Main.storyboard;
			sourceTree = "<group>";
		};
		523874B31CF49925007FCB1A /* LaunchScreen.storyboard */ = {
			isa = PBXVariantGroup;
			children = (
				523874B41CF49925007FCB1A /* Base */,
			);
			name = LaunchScreen.storyboard;
			sourceTree = "<group>";
		};
/* End PBXVariantGroup section */

/* Begin XCBuildConfiguration section */
		523874B71CF49925007FCB1A /* Debug */ = {
			isa = XCBuildConfiguration;
			buildSettings = {
				ALWAYS_SEARCH_USER_PATHS = NO;
				CLANG_ANALYZER_NONNULL = YES;
				CLANG_CXX_LANGUAGE_STANDARD = "gnu++0x";
				CLANG_CXX_LIBRARY = "libc++";
				CLANG_ENABLE_MODULES = YES;
				CLANG_ENABLE_OBJC_ARC = YES;
				CLANG_WARN_BOOL_CONVERSION = YES;
				CLANG_WARN_CONSTANT_CONVERSION = YES;
				CLANG_WARN_DIRECT_OBJC_ISA_USAGE = YES_ERROR;
				CLANG_WARN_EMPTY_BODY = YES;
				CLANG_WARN_ENUM_CONVERSION = YES;
				CLANG_WARN_INT_CONVERSION = YES;
				CLANG_WARN_OBJC_ROOT_CLASS = YES_ERROR;
				CLANG_WARN_UNREACHABLE_CODE = YES;
				CLANG_WARN__DUPLICATE_METHOD_MATCH = YES;
				"CODE_SIGN_IDENTITY[sdk=iphoneos*]" = "iPhone Developer";
				COPY_PHASE_STRIP = NO;
				DEBUG_INFORMATION_FORMAT = dwarf;
				ENABLE_STRICT_OBJC_MSGSEND = YES;
				ENABLE_TESTABILITY = YES;
				GCC_C_LANGUAGE_STANDARD = gnu99;
				GCC_DYNAMIC_NO_PIC = NO;
				GCC_NO_COMMON_BLOCKS = YES;
				GCC_OPTIMIZATION_LEVEL = 0;
				GCC_PREPROCESSOR_DEFINITIONS = (
					"DEBUG=1",
					"$(inherited)",
				);
				GCC_WARN_64_TO_32_BIT_CONVERSION = YES;
				GCC_WARN_ABOUT_RETURN_TYPE = YES_ERROR;
				GCC_WARN_UNDECLARED_SELECTOR = YES;
				GCC_WARN_UNINITIALIZED_AUTOS = YES_AGGRESSIVE;
				GCC_WARN_UNUSED_FUNCTION = YES;
				GCC_WARN_UNUSED_VARIABLE = YES;
				IPHONEOS_DEPLOYMENT_TARGET = 9.3;
				MTL_ENABLE_DEBUG_INFO = YES;
				ONLY_ACTIVE_ARCH = YES;
				SDKROOT = iphoneos;
				SWIFT_OPTIMIZATION_LEVEL = "-Onone";
				TARGETED_DEVICE_FAMILY = "1,2";
			};
			name = Debug;
		};
		523874B81CF49925007FCB1A /* Release */ = {
			isa = XCBuildConfiguration;
			buildSettings = {
				ALWAYS_SEARCH_USER_PATHS = NO;
				CLANG_ANALYZER_NONNULL = YES;
				CLANG_CXX_LANGUAGE_STANDARD = "gnu++0x";
				CLANG_CXX_LIBRARY = "libc++";
				CLANG_ENABLE_MODULES = YES;
				CLANG_ENABLE_OBJC_ARC = YES;
				CLANG_WARN_BOOL_CONVERSION = YES;
				CLANG_WARN_CONSTANT_CONVERSION = YES;
				CLANG_WARN_DIRECT_OBJC_ISA_USAGE = YES_ERROR;
				CLANG_WARN_EMPTY_BODY = YES;
				CLANG_WARN_ENUM_CONVERSION = YES;
				CLANG_WARN_INT_CONVERSION = YES;
				CLANG_WARN_OBJC_ROOT_CLASS = YES_ERROR;
				CLANG_WARN_UNREACHABLE_CODE = YES;
				CLANG_WARN__DUPLICATE_METHOD_MATCH = YES;
				"CODE_SIGN_IDENTITY[sdk=iphoneos*]" = "iPhone Developer";
				COPY_PHASE_STRIP = NO;
				DEBUG_INFORMATION_FORMAT = "dwarf-with-dsym";
				ENABLE_NS_ASSERTIONS = NO;
				ENABLE_STRICT_OBJC_MSGSEND = YES;
				GCC_C_LANGUAGE_STANDARD = gnu99;
				GCC_NO_COMMON_BLOCKS = YES;
				GCC_WARN_64_TO_32_BIT_CONVERSION = YES;
				GCC_WARN_ABOUT_RETURN_TYPE = YES_ERROR;
				GCC_WARN_UNDECLARED_SELECTOR = YES;
				GCC_WARN_UNINITIALIZED_AUTOS = YES_AGGRESSIVE;
				GCC_WARN_UNUSED_FUNCTION = YES;
				GCC_WARN_UNUSED_VARIABLE = YES;
				IPHONEOS_DEPLOYMENT_TARGET = 9.3;
				MTL_ENABLE_DEBUG_INFO = NO;
				SDKROOT = iphoneos;
				TARGETED_DEVICE_FAMILY = "1,2";
				VALIDATE_PRODUCT = YES;
			};
			name = Release;
		};
		523874BA1CF49925007FCB1A /* Debug */ = {
			isa = XCBuildConfiguration;
			buildSettings = {
				ASSETCATALOG_COMPILER_APPICON_NAME = AppIcon;
				INFOPLIST_FILE = SoftomateTestTask/Info.plist;
				LD_RUNPATH_SEARCH_PATHS = "$(inherited) @executable_path/Frameworks";
				PRODUCT_BUNDLE_IDENTIFIER = com.mikhailzhadko.SoftomateTestTask;
				PRODUCT_NAME = "$(TARGET_NAME)";
			};
			name = Debug;
		};
		523874BB1CF49925007FCB1A /* Release */ = {
			isa = XCBuildConfiguration;
			buildSettings = {
				ASSETCATALOG_COMPILER_APPICON_NAME = AppIcon;
				INFOPLIST_FILE = SoftomateTestTask/Info.plist;
				LD_RUNPATH_SEARCH_PATHS = "$(inherited) @executable_path/Frameworks";
				PRODUCT_BUNDLE_IDENTIFIER = com.mikhailzhadko.SoftomateTestTask;
				PRODUCT_NAME = "$(TARGET_NAME)";
			};
			name = Release;
		};
/* End XCBuildConfiguration section */

/* Begin XCConfigurationList section */
		5238749F1CF49925007FCB1A /* Build configuration list for PBXProject "SoftomateTestTask" */ = {
			isa = XCConfigurationList;
			buildConfigurations = (
				523874B71CF49925007FCB1A /* Debug */,
				523874B81CF49925007FCB1A /* Release */,
			);
			defaultConfigurationIsVisible = 0;
			defaultConfigurationName = Release;
		};
		523874B91CF49925007FCB1A /* Build configuration list for PBXNativeTarget "SoftomateTestTask" */ = {
			isa = XCConfigurationList;
			buildConfigurations = (
				523874BA1CF49925007FCB1A /* Debug */,
				523874BB1CF49925007FCB1A /* Release */,
			);
			defaultConfigurationIsVisible = 0;
		};
/* End XCConfigurationList section */

/* Begin XCVersionGroup section */
		523874AE1CF49925007FCB1A /* SoftomateTestTask.xcdatamodeld */ = {
			isa = XCVersionGroup;
			children = (
				523874AF1CF49925007FCB1A /* SoftomateTestTask.xcdatamodel */,
			);
			currentVersion = 523874AF1CF49925007FCB1A /* SoftomateTestTask.xcdatamodel */;
			path = SoftomateTestTask.xcdatamodeld;
			sourceTree = "<group>";
			versionGroupType = wrapper.xcdatamodel;
		};
/* End XCVersionGroup section */
	};
	rootObject = 5238749C1CF49925007FCB1A /* Project object */;
}
